
Microsoft Visual Studio Solution File, Format Version 12.00
# Visual Studio Version 17
VisualStudioVersion = 17.3.32811.315
MinimumVisualStudioVersion = 10.0.40219.1
Project("{FAE04EC0-301F-11D3-BF4B-00C04F79EFBC}") = "Palette", "Palette\Palette.csproj", "{B3EEC952-EBBC-4AC3-AFD2-6CB4D9372024}"
EndProject
Global
	GlobalSection(SolutionConfigurationPlatforms) = preSolution
		Debug|Any CPU = Debug|Any CPU
		Release|Any CPU = Release|Any CPU
	EndGlobalSection
	GlobalSection(ProjectConfigurationPlatforms) = postSolution
		{B3EEC952-EBBC-4AC3-AFD2-6CB4D9372024}.Debug|Any CPU.ActiveCfg = Debug|Any CPU
		{B3EEC952-EBBC-4AC3-AFD2-6CB4D9372024}.Debug|Any CPU.Build.0 = Debug|Any CPU
		{B3EEC952-EBBC-4AC3-AFD2-6CB4D9372024}.Release|Any CPU.ActiveCfg = Release|Any CPU
		{B3EEC952-EBBC-4AC3-AFD2-6CB4D9372024}.Release|Any CPU.Build.0 = Release|Any CPU
	EndGlobalSection
	GlobalSection(SolutionProperties) = preSolution
		HideSolutionNode = FALSE
	EndGlobalSection
	GlobalSection(ExtensibilityGlobals) = postSolution
		SolutionGuid = {FB4BA825-BA8A-4D2F-B75F-71AC07CD4F3C}
	EndGlobalSection
EndGlobal
